
Microsoft Visual Studio Solution File, Format Version 12.00
# Visual Studio 15
VisualStudioVersion = 15.0.27703.2042
MinimumVisualStudioVersion = 10.0.40219.1
Project("{FAE04EC0-301F-11D3-BF4B-00C04F79EFBC}") = "WebApplication1", "WebApplication1\WebApplication1.csproj", "{FACD520A-6EB0-4739-B9A7-C0CEA31134DB}"
EndProject
Global
	GlobalSection(SolutionConfigurationPlatforms) = preSolution
		Debug|Any CPU = Debug|Any CPU
		Release|Any CPU = Release|Any CPU
	EndGlobalSection
	GlobalSection(ProjectConfigurationPlatforms) = postSolution
		{FACD520A-6EB0-4739-B9A7-C0CEA31134DB}.Debug|Any CPU.ActiveCfg = Debug|Any CPU
		{FACD520A-6EB0-4739-B9A7-C0CEA31134DB}.Debug|Any CPU.Build.0 = Debug|Any CPU
		{FACD520A-6EB0-4739-B9A7-C0CEA31134DB}.Release|Any CPU.ActiveCfg = Release|Any CPU
		{FACD520A-6EB0-4739-B9A7-C0CEA31134DB}.Release|Any CPU.Build.0 = Release|Any CPU
	EndGlobalSection
	GlobalSection(SolutionProperties) = preSolution
		HideSolutionNode = FALSE
	EndGlobalSection
	GlobalSection(ExtensibilityGlobals) = postSolution
		SolutionGuid = {ACE3B51A-89F2-4DED-A472-6150163CA92A}
	EndGlobalSection
EndGlobal
